{
  "name": "testcli",
  "version": "1.0.0",
  "lockfileVersion": 1,
  "requires": true,
  "dependencies": {
    "@sindresorhus/is": {
      "version": "0.7.0",
      "resolved": "https://registry.npm.taobao.org/@sindresorhus/is/download/@sindresorhus/is-0.7.0.tgz",
      "integrity": "sha1-mgb08TfuhNffBGDB/bETX/psUP0="
    },
    "ansi-escapes": {
      "version": "3.2.0",
      "resolved": "https://registry.npm.taobao.org/ansi-escapes/download/ansi-escapes-3.2.0.tgz",
      "integrity": "sha1-h4C5j/nb9WOBUtHx/lwde0RCl2s="
    },
    "ansi-regex": {
      "version": "3.0.0",
      "resolved": "http://registry.npm.taobao.org/ansi-regex/download/ansi-regex-3.0.0.tgz",
      "integrity": "sha1-7QMXwyIGT3lGbAKWa922Bas32Zg="
    },
    "ansi-styles": {
      "version": "3.2.1",
      "resolved": "https://registry.npm.taobao.org/ansi-styles/download/ansi-styles-3.2.1.tgz",
      "integrity": "sha1-QfuyAkPlCxK+DwS43tvwdSDOhB0=",
      "requires": {
        "color-convert": "^1.9.0"
      }
    },
    "archive-type": {
      "version": "4.0.0",
      "resolved": "https://registry.npm.taobao.org/archive-type/download/archive-type-4.0.0.tgz",
      "integrity": "sha1-+S5yIzBW38aWlHJ0nCZ72wRrHXA=",
      "requires": {
        "file-type": "^4.2.0"
      },
      "dependencies": {
        "file-type": {
          "version": "4.4.0",
          "resolved": "https://registry.npm.taobao.org/file-type/download/file-type-4.4.0.tgz",
          "integrity": "sha1-G2AOX8ofvcboDApwxxyNul95BsU="
        }
      }
    },
    "balanced-match": {
      "version": "1.0.0",
      "resolved": "http://registry.npm.taobao.org/balanced-match/download/balanced-match-1.0.0.tgz",
      "integrity": "sha1-ibTRmasr7kneFk6gK4nORi1xt2c="
    },
    "base64-js": {
      "version": "1.3.0",
      "resolved": "http://registry.npm.taobao.org/base64-js/download/base64-js-1.3.0.tgz",
      "integrity": "sha1-yrHmEY8FEJXli1KBrqjBzSK/wOM="
    },
    "bl": {
      "version": "1.2.2",
      "resolved": "http://registry.npm.taobao.org/bl/download/bl-1.2.2.tgz",
      "integrity": "sha1-oWCRFxcQPAdBDO9j71Gzl8Alr5w=",
      "requires": {
        "readable-stream": "^2.3.5",
        "safe-buffer": "^5.1.1"
      }
    },
    "brace-expansion": {
      "version": "1.1.11",
      "resolved": "http://registry.npm.taobao.org/brace-expansion/download/brace-expansion-1.1.11.tgz",
      "integrity": "sha1-PH/L9SnYcibz0vUrlm/1Jx60Qd0=",
      "requires": {
        "balanced-match": "^1.0.0",
        "concat-map": "0.0.1"
      }
    },
    "buffer": {
      "version": "5.2.1",
      "resolved": "http://registry.npm.taobao.org/buffer/download/buffer-5.2.1.tgz",
      "integrity": "sha1-3Vf6DxCaxZxgJHkETcp7iz0LcdY=",
      "requires": {
        "base64-js": "^1.0.2",
        "ieee754": "^1.1.4"
      }
    },
    "buffer-alloc": {
      "version": "1.2.0",
      "resolved": "http://registry.npm.taobao.org/buffer-alloc/download/buffer-alloc-1.2.0.tgz",
      "integrity": "sha1-iQ3ZDZI6hz4I4Q5f1RpX5bfM4Ow=",
      "requires": {
        "buffer-alloc-unsafe": "^1.1.0",
        "buffer-fill": "^1.0.0"
      }
    },
    "buffer-alloc-unsafe": {
      "version": "1.1.0",
      "resolved": "http://registry.npm.taobao.org/buffer-alloc-unsafe/download/buffer-alloc-unsafe-1.1.0.tgz",
      "integrity": "sha1-vX3CauKXLQ7aJTvgYdupkjScGfA="
    },
    "buffer-crc32": {
      "version": "0.2.13",
      "resolved": "http://registry.npm.taobao.org/buffer-crc32/download/buffer-crc32-0.2.13.tgz",
      "integrity": "sha1-DTM+PwDqxQqhRUq9MO+MKl2ackI="
    },
    "buffer-fill": {
      "version": "1.0.0",
      "resolved": "http://registry.npm.taobao.org/buffer-fill/download/buffer-fill-1.0.0.tgz",
      "integrity": "sha1-+PeLdniYiO858gXNY39o5wISKyw="
    },
    "cacheable-request": {
      "version": "2.1.4",
      "resolved": "https://registry.npm.taobao.org/cacheable-request/download/cacheable-request-2.1.4.tgz?cache=0&sync_timestamp=1559888731965&other_urls=https%3A%2F%2Fregistry.npm.taobao.org%2Fcacheable-request%2Fdownload%2Fcacheable-request-2.1.4.tgz",
      "integrity": "sha1-DYCIAbY0KtM8kd+dC0TcCbkeXD0=",
      "requires": {
        "clone-response": "1.0.2",
        "get-stream": "3.0.0",
        "http-cache-semantics": "3.8.1",
        "keyv": "3.0.0",
        "lowercase-keys": "1.0.0",
        "normalize-url": "2.0.1",
        "responselike": "1.0.2"
      },
      "dependencies": {
        "lowercase-keys": {
          "version": "1.0.0",
          "resolved": "https://registry.npm.taobao.org/lowercase-keys/download/lowercase-keys-1.0.0.tgz",
          "integrity": "sha1-TjNms55/VFfjXxMkvfb4jQv8cwY="
        }
      }
    },
    "caw": {
      "version": "2.0.1",
      "resolved": "https://registry.npm.taobao.org/caw/download/caw-2.0.1.tgz",
      "integrity": "sha1-bDygcfwZRyCIPC3F2psHS/x+npU=",
      "requires": {
        "get-proxy": "^2.0.0",
        "isurl": "^1.0.0-alpha5",
        "tunnel-agent": "^0.6.0",
        "url-to-options": "^1.0.1"
      }
    },
    "chalk": {
      "version": "2.4.2",
      "resolved": "http://registry.npm.taobao.org/chalk/download/chalk-2.4.2.tgz",
      "integrity": "sha1-zUJUFnelQzPPVBpJEIwUMrRMlCQ=",
      "requires": {
        "ansi-styles": "^3.2.1",
        "escape-string-regexp": "^1.0.5",
        "supports-color": "^5.3.0"
      }
    },
    "chardet": {
      "version": "0.7.0",
      "resolved": "http://registry.npm.taobao.org/chardet/download/chardet-0.7.0.tgz",
      "integrity": "sha1-kAlISfCTfy7twkJdDSip5fDLrZ4="
    },
    "cli-cursor": {
      "version": "2.1.0",
      "resolved": "https://registry.npm.taobao.org/cli-cursor/download/cli-cursor-2.1.0.tgz",
      "integrity": "sha1-s12sN2R5+sw+lHR9QdDQ9SOP/LU=",
      "requires": {
        "restore-cursor": "^2.0.0"
      }
    },
    "cli-spinners": {
      "version": "2.1.0",
      "resolved": "https://registry.npm.taobao.org/cli-spinners/download/cli-spinners-2.1.0.tgz",
      "integrity": "sha1-IsNLTVH1cyQIhbIB79pOTsn/88c="
    },
    "cli-width": {
      "version": "2.2.0",
      "resolved": "http://registry.npm.taobao.org/cli-width/download/cli-width-2.2.0.tgz",
      "integrity": "sha1-/xnt6Kml5XkyQUewwR8PvLq+1jk="
    },
    "clone": {
      "version": "1.0.4",
      "resolved": "https://registry.npm.taobao.org/clone/download/clone-1.0.4.tgz",
      "integrity": "sha1-2jCcwmPfFZlMaIypAheco8fNfH4="
    },
    "clone-response": {
      "version": "1.0.2",
      "resolved": "https://registry.npm.taobao.org/clone-response/download/clone-response-1.0.2.tgz",
      "integrity": "sha1-0dyXOSAxTfZ/vrlCI7TuNQI56Ws=",
      "requires": {
        "mimic-response": "^1.0.0"
      }
    },
    "color-convert": {
      "version": "1.9.3",
      "resolved": "http://registry.npm.taobao.org/color-convert/download/color-convert-1.9.3.tgz",
      "integrity": "sha1-u3GFBpDh8TZWfeYp0tVHHe2kweg=",
      "requires": {
        "color-name": "1.1.3"
      }
    },
    "color-name": {
      "version": "1.1.3",
      "resolved": "http://registry.npm.taobao.org/color-name/download/color-name-1.1.3.tgz",
      "integrity": "sha1-p9BVi9icQveV3UIyj3QIMcpTvCU="
    },
    "commander": {
      "version": "2.20.0",
      "resolved": "http://registry.npm.taobao.org/commander/download/commander-2.20.0.tgz",
      "integrity": "sha1-1YuytcHuj4ew00ACfp6U4iLFpCI="
    },
    "concat-map": {
      "version": "0.0.1",
      "resolved": "http://registry.npm.taobao.org/concat-map/download/concat-map-0.0.1.tgz",
      "integrity": "sha1-2Klr13/Wjfd5OnMDajug1UBdR3s="
    },
    "config-chain": {
      "version": "1.1.12",
      "resolved": "https://registry.npm.taobao.org/config-chain/download/config-chain-1.1.12.tgz",
      "integrity": "sha1-D96NCRIA616AjK8l/mGMAvSOTvo=",
      "requires": {
        "ini": "^1.3.4",
        "proto-list": "~1.2.1"
      }
    },
    "content-disposition": {
      "version": "0.5.3",
      "resolved": "http://registry.npm.taobao.org/content-disposition/download/content-disposition-0.5.3.tgz",
      "integrity": "sha1-4TDK9+cnkIfFYWwgB9BIVpiYT70=",
      "requires": {
        "safe-buffer": "5.1.2"
      }
    },
    "core-util-is": {
      "version": "1.0.2",
      "resolved": "http://registry.npm.taobao.org/core-util-is/download/core-util-is-1.0.2.tgz",
      "integrity": "sha1-tf1UIgqivFq1eqtxQMlAdUUDwac="
    },
    "decode-uri-component": {
      "version": "0.2.0",
      "resolved": "http://registry.npm.taobao.org/decode-uri-component/download/decode-uri-component-0.2.0.tgz",
      "integrity": "sha1-6zkTMzRYd1y4TNGh+uBiEGu4dUU="
    },
    "decompress": {
      "version": "4.2.0",
      "resolved": "https://registry.npm.taobao.org/decompress/download/decompress-4.2.0.tgz",
      "integrity": "sha1-eu3YVCflqS2s/lVnSnxQXpbQH50=",
      "requires": {
        "decompress-tar": "^4.0.0",
        "decompress-tarbz2": "^4.0.0",
        "decompress-targz": "^4.0.0",
        "decompress-unzip": "^4.0.1",
        "graceful-fs": "^4.1.10",
        "make-dir": "^1.0.0",
        "pify": "^2.3.0",
        "strip-dirs": "^2.0.0"
      },
      "dependencies": {
        "pify": {
          "version": "2.3.0",
          "resolved": "http://registry.npm.taobao.org/pify/download/pify-2.3.0.tgz",
          "integrity": "sha1-7RQaasBDqEnqWISY59yosVMw6Qw="
        }
      }
    },
    "decompress-response": {
      "version": "3.3.0",
      "resolved": "https://registry.npm.taobao.org/decompress-response/download/decompress-response-3.3.0.tgz",
      "integrity": "sha1-gKTdMjdIOEv6JICDYirt7Jgq3/M=",
      "requires": {
        "mimic-response": "^1.0.0"
      }
    },
    "decompress-tar": {
      "version": "4.1.1",
      "resolved": "https://registry.npm.taobao.org/decompress-tar/download/decompress-tar-4.1.1.tgz",
      "integrity": "sha1-cYy9P8sWIJcW5womuE57pFkuWvE=",
      "requires": {
        "file-type": "^5.2.0",
        "is-stream": "^1.1.0",
        "tar-stream": "^1.5.2"
      },
      "dependencies": {
        "file-type": {
          "version": "5.2.0",
          "resolved": "https://registry.npm.taobao.org/file-type/download/file-type-5.2.0.tgz",
          "integrity": "sha1-LdvqfHP/42No365J3DOMBYwritY="
        }
      }
    },
    "decompress-tarbz2": {
      "version": "4.1.1",
      "resolved": "https://registry.npm.taobao.org/decompress-tarbz2/download/decompress-tarbz2-4.1.1.tgz",
      "integrity": "sha1-MIKluIDqQEOBY0nzeLVsUWvho5s=",
      "requires": {
        "decompress-tar": "^4.1.0",
        "file-type": "^6.1.0",
        "is-stream": "^1.1.0",
        "seek-bzip": "^1.0.5",
        "unbzip2-stream": "^1.0.9"
      },
      "dependencies": {
        "file-type": {
          "version": "6.2.0",
          "resolved": "https://registry.npm.taobao.org/file-type/download/file-type-6.2.0.tgz",
          "integrity": "sha1-5QzXXTVv/tTjBtxPW89Sp5kDqRk="
        }
      }
    },
    "decompress-targz": {
      "version": "4.1.1",
      "resolved": "https://registry.npm.taobao.org/decompress-targz/download/decompress-targz-4.1.1.tgz",
      "integrity": "sha1-wJvDXE0R894J8tLaU+neI+fOHu4=",
      "requires": {
        "decompress-tar": "^4.1.1",
        "file-type": "^5.2.0",
        "is-stream": "^1.1.0"
      },
      "dependencies": {
        "file-type": {
          "version": "5.2.0",
          "resolved": "https://registry.npm.taobao.org/file-type/download/file-type-5.2.0.tgz",
          "integrity": "sha1-LdvqfHP/42No365J3DOMBYwritY="
        }
      }
    },
    "decompress-unzip": {
      "version": "4.0.1",
      "resolved": "https://registry.npm.taobao.org/decompress-unzip/download/decompress-unzip-4.0.1.tgz",
      "integrity": "sha1-3qrM39FK6vhVePczroIQ+bSEj2k=",
      "requires": {
        "file-type": "^3.8.0",
        "get-stream": "^2.2.0",
        "pify": "^2.3.0",
        "yauzl": "^2.4.2"
      },
      "dependencies": {
        "file-type": {
          "version": "3.9.0",
          "resolved": "https://registry.npm.taobao.org/file-type/download/file-type-3.9.0.tgz",
          "integrity": "sha1-JXoHg4TR24CHvESdEH1SpSZyuek="
        },
        "get-stream": {
          "version": "2.3.1",
          "resolved": "http://registry.npm.taobao.org/get-stream/download/get-stream-2.3.1.tgz",
          "integrity": "sha1-Xzj5PzRgCWZu4BUKBUFn+Rvdld4=",
          "requires": {
            "object-assign": "^4.0.1",
            "pinkie-promise": "^2.0.0"
          }
        },
        "pify": {
          "version": "2.3.0",
          "resolved": "http://registry.npm.taobao.org/pify/download/pify-2.3.0.tgz",
          "integrity": "sha1-7RQaasBDqEnqWISY59yosVMw6Qw="
        }
      }
    },
    "defaults": {
      "version": "1.0.3",
      "resolved": "https://registry.npm.taobao.org/defaults/download/defaults-1.0.3.tgz",
      "integrity": "sha1-xlYFHpgX2f8I7YgUd/P+QBnz730=",
      "requires": {
        "clone": "^1.0.2"
      }
    },
    "download": {
      "version": "7.1.0",
      "resolved": "https://registry.npm.taobao.org/download/download/download-7.1.0.tgz",
      "integrity": "sha1-kFmqnXC1A+52oTKJe+beyOVYcjM=",
      "requires": {
        "archive-type": "^4.0.0",
        "caw": "^2.0.1",
        "content-disposition": "^0.5.2",
        "decompress": "^4.2.0",
        "ext-name": "^5.0.0",
        "file-type": "^8.1.0",
        "filenamify": "^2.0.0",
        "get-stream": "^3.0.0",
        "got": "^8.3.1",
        "make-dir": "^1.2.0",
        "p-event": "^2.1.0",
        "pify": "^3.0.0"
      }
    },
    "download-git-repo": {
      "version": "2.0.0",
      "resolved": "https://registry.npm.taobao.org/download-git-repo/download/download-git-repo-2.0.0.tgz?cache=0&other_urls=https%3A%2F%2Fregistry.npm.taobao.org%2Fdownload-git-repo%2Fdownload%2Fdownload-git-repo-2.0.0.tgz",
      "integrity": "sha1-CvP+fJLefSGCdSKWm+6uDQZSWlU=",
      "requires": {
        "download": "^7.1.0",
        "git-clone": "^0.1.0",
        "rimraf": "^2.6.3"
      }
    },
    "duplexer3": {
      "version": "0.1.4",
      "resolved": "https://registry.npm.taobao.org/duplexer3/download/duplexer3-0.1.4.tgz",
      "integrity": "sha1-7gHdHKwO08vH/b6jfcCo8c4ALOI="
    },
    "end-of-stream": {
      "version": "1.4.1",
      "resolved": "http://registry.npm.taobao.org/end-of-stream/download/end-of-stream-1.4.1.tgz",
      "integrity": "sha1-7SljTRm6ukY7bOa4CjchPqtx7EM=",
      "requires": {
        "once": "^1.4.0"
      }
    },
    "escape-string-regexp": {
      "version": "1.0.5",
      "resolved": "http://registry.npm.taobao.org/escape-string-regexp/download/escape-string-regexp-1.0.5.tgz?cache=0&other_urls=http%3A%2F%2Fregistry.npm.taobao.org%2Fescape-string-regexp%2Fdownload%2Fescape-string-regexp-1.0.5.tgz",
      "integrity": "sha1-G2HAViGQqN/2rjuyzwIAyhMLhtQ="
    },
    "ext-list": {
      "version": "2.2.2",
      "resolved": "https://registry.npm.taobao.org/ext-list/download/ext-list-2.2.2.tgz",
      "integrity": "sha1-C5jmTtgvWs8PKTG6v2khLvUt3Tc=",
      "requires": {
        "mime-db": "^1.28.0"
      }
    },
    "ext-name": {
      "version": "5.0.0",
      "resolved": "https://registry.npm.taobao.org/ext-name/download/ext-name-5.0.0.tgz",
      "integrity": "sha1-cHgZgdGD7hXROZPIgiBFxQbI8KY=",
      "requires": {
        "ext-list": "^2.0.0",
        "sort-keys-length": "^1.0.0"
      }
    },
    "external-editor": {
      "version": "3.0.3",
      "resolved": "http://registry.npm.taobao.org/external-editor/download/external-editor-3.0.3.tgz",
      "integrity": "sha1-WGbbKal4Jtvkvzr9JAcOrZ6kOic=",
      "requires": {
        "chardet": "^0.7.0",
        "iconv-lite": "^0.4.24",
        "tmp": "^0.0.33"
      }
    },
    "fd-slicer": {
      "version": "1.1.0",
      "resolved": "http://registry.npm.taobao.org/fd-slicer/download/fd-slicer-1.1.0.tgz",
      "integrity": "sha1-JcfInLH5B3+IkbvmHY85Dq4lbx4=",
      "requires": {
        "pend": "~1.2.0"
      }
    },
    "figures": {
      "version": "2.0.0",
      "resolved": "http://registry.npm.taobao.org/figures/download/figures-2.0.0.tgz",
      "integrity": "sha1-OrGi0qYsi/tDGgyUy3l6L84nyWI=",
      "requires": {
        "escape-string-regexp": "^1.0.5"
      }
    },
    "file-type": {
      "version": "8.1.0",
      "resolved": "https://registry.npm.taobao.org/file-type/download/file-type-8.1.0.tgz",
      "integrity": "sha1-JE87fvZBu+DMoZbHJ25LMyOZ9ow="
    },
    "filename-reserved-regex": {
      "version": "2.0.0",
      "resolved": "https://registry.npm.taobao.org/filename-reserved-regex/download/filename-reserved-regex-2.0.0.tgz",
      "integrity": "sha1-q/c9+rc10EVECr/qLZHzieu/oik="
    },
    "filenamify": {
      "version": "2.1.0",
      "resolved": "https://registry.npm.taobao.org/filenamify/download/filenamify-2.1.0.tgz?cache=0&other_urls=https%3A%2F%2Fregistry.npm.taobao.org%2Ffilenamify%2Fdownload%2Ffilenamify-2.1.0.tgz",
      "integrity": "sha1-iPr0lfsbR6v9YSMAACoWIoxnfuk=",
      "requires": {
        "filename-reserved-regex": "^2.0.0",
        "strip-outer": "^1.0.0",
        "trim-repeated": "^1.0.0"
      }
    },
    "from2": {
      "version": "2.3.0",
      "resolved": "http://registry.npm.taobao.org/from2/download/from2-2.3.0.tgz",
      "integrity": "sha1-i/tVAr3kpNNs/e6gB/zKIdfjgq8=",
      "requires": {
        "inherits": "^2.0.1",
        "readable-stream": "^2.0.0"
      }
    },
    "fs-constants": {
      "version": "1.0.0",
      "resolved": "http://registry.npm.taobao.org/fs-constants/download/fs-constants-1.0.0.tgz",
      "integrity": "sha1-a+Dem+mYzhavivwkSXue6bfM2a0="
    },
    "fs.realpath": {
      "version": "1.0.0",
      "resolved": "http://registry.npm.taobao.org/fs.realpath/download/fs.realpath-1.0.0.tgz",
      "integrity": "sha1-FQStJSMVjKpA20onh8sBQRmU6k8="
    },
    "get-proxy": {
      "version": "2.1.0",
      "resolved": "https://registry.npm.taobao.org/get-proxy/download/get-proxy-2.1.0.tgz",
      "integrity": "sha1-NJ8rTZHUTE1NTpy6KtkBQ/rF75M=",
      "requires": {
        "npm-conf": "^1.1.0"
      }
    },
    "get-stream": {
      "version": "3.0.0",
      "resolved": "http://registry.npm.taobao.org/get-stream/download/get-stream-3.0.0.tgz",
      "integrity": "sha1-jpQ9E1jcN1VQVOy+LtsFqhdO3hQ="
    },
    "git-clone": {
      "version": "0.1.0",
      "resolved": "https://registry.npm.taobao.org/git-clone/download/git-clone-0.1.0.tgz",
      "integrity": "sha1-DXYWN3gJOu9/HDAjjyqe8/B6Lrk="
    },
    "glob": {
      "version": "7.1.4",
      "resolved": "https://registry.npm.taobao.org/glob/download/glob-7.1.4.tgz",
      "integrity": "sha1-qmCKL2xXetNX4a5aXCbZqNGWklU=",
      "requires": {
        "fs.realpath": "^1.0.0",
        "inflight": "^1.0.4",
        "inherits": "2",
        "minimatch": "^3.0.4",
        "once": "^1.3.0",
        "path-is-absolute": "^1.0.0"
      }
    },
    "got": {
      "version": "8.3.2",
      "resolved": "https://registry.npm.taobao.org/got/download/got-8.3.2.tgz?cache=0&other_urls=https%3A%2F%2Fregistry.npm.taobao.org%2Fgot%2Fdownload%2Fgot-8.3.2.tgz",
      "integrity": "sha1-HSP2Q5Dpf3dsrFLluTbl9RTS6Tc=",
      "requires": {
        "@sindresorhus/is": "^0.7.0",
        "cacheable-request": "^2.1.1",
        "decompress-response": "^3.3.0",
        "duplexer3": "^0.1.4",
        "get-stream": "^3.0.0",
        "into-stream": "^3.1.0",
        "is-retry-allowed": "^1.1.0",
        "isurl": "^1.0.0-alpha5",
        "lowercase-keys": "^1.0.0",
        "mimic-response": "^1.0.0",
        "p-cancelable": "^0.4.0",
        "p-timeout": "^2.0.1",
        "pify": "^3.0.0",
        "safe-buffer": "^5.1.1",
        "timed-out": "^4.0.1",
        "url-parse-lax": "^3.0.0",
        "url-to-options": "^1.0.1"
      }
    },
    "graceful-fs": {
      "version": "4.1.15",
      "resolved": "http://registry.npm.taobao.org/graceful-fs/download/graceful-fs-4.1.15.tgz",
      "integrity": "sha1-/7cD4QZuig7qpMi4C6klPu77+wA="
    },
    "graceful-readlink": {
      "version": "1.0.1",
      "resolved": "https://registry.npm.taobao.org/graceful-readlink/download/graceful-readlink-1.0.1.tgz",
      "integrity": "sha1-TK+tdrxi8C+gObL5Tpo906ORpyU="
    },
    "has-flag": {
      "version": "3.0.0",
      "resolved": "http://registry.npm.taobao.org/has-flag/download/has-flag-3.0.0.tgz",
      "integrity": "sha1-tdRU3CGZriJWmfNGfloH87lVuv0="
    },
    "has-symbol-support-x": {
      "version": "1.4.2",
      "resolved": "https://registry.npm.taobao.org/has-symbol-support-x/download/has-symbol-support-x-1.4.2.tgz",
      "integrity": "sha1-FAn5i8ACR9pF2mfO4KNvKC/yZFU="
    },
    "has-to-string-tag-x": {
      "version": "1.4.1",
      "resolved": "https://registry.npm.taobao.org/has-to-string-tag-x/download/has-to-string-tag-x-1.4.1.tgz",
      "integrity": "sha1-oEWrOD17SyASoAFIqwql8pAETU0=",
      "requires": {
        "has-symbol-support-x": "^1.4.1"
      }
    },
    "http-cache-semantics": {
      "version": "3.8.1",
      "resolved": "https://registry.npm.taobao.org/http-cache-semantics/download/http-cache-semantics-3.8.1.tgz",
      "integrity": "sha1-ObDhat2bYFvwqe89nar0hDtMrNI="
    },
    "iconv-lite": {
      "version": "0.4.24",
      "resolved": "http://registry.npm.taobao.org/iconv-lite/download/iconv-lite-0.4.24.tgz",
      "integrity": "sha1-ICK0sl+93CHS9SSXSkdKr+czkIs=",
      "requires": {
        "safer-buffer": ">= 2.1.2 < 3"
      }
    },
    "ieee754": {
      "version": "1.1.13",
      "resolved": "http://registry.npm.taobao.org/ieee754/download/ieee754-1.1.13.tgz",
      "integrity": "sha1-7BaFWOlaoYH9h9N/VcMrvLZwi4Q="
    },
    "inflight": {
      "version": "1.0.6",
      "resolved": "http://registry.npm.taobao.org/inflight/download/inflight-1.0.6.tgz",
      "integrity": "sha1-Sb1jMdfQLQwJvJEKEHW6gWW1bfk=",
      "requires": {
        "once": "^1.3.0",
        "wrappy": "1"
      }
    },
    "inherits": {
      "version": "2.0.3",
      "resolved": "http://registry.npm.taobao.org/inherits/download/inherits-2.0.3.tgz",
      "integrity": "sha1-Yzwsg+PaQqUC9SRmAiSA9CCCYd4="
    },
    "ini": {
      "version": "1.3.7",
      "resolved": "https://registry.npmjs.org/ini/-/ini-1.3.7.tgz",
      "integrity": "sha512-iKpRpXP+CrP2jyrxvg1kMUpXDyRUFDWurxbnVT1vQPx+Wz9uCYsMIqYuSBLV+PAaZG/d7kRLKRFc9oDMsH+mFQ=="
    },
    "inquirer": {
      "version": "6.3.1",
      "resolved": "http://registry.npm.taobao.org/inquirer/download/inquirer-6.3.1.tgz?cache=0&other_urls=http%3A%2F%2Fregistry.npm.taobao.org%2Finquirer%2Fdownload%2Finquirer-6.3.1.tgz",
      "integrity": "sha1-ekE7XnlQgRATo9tJHGHR87d26Oc=",
      "requires": {
        "ansi-escapes": "^3.2.0",
        "chalk": "^2.4.2",
        "cli-cursor": "^2.1.0",
        "cli-width": "^2.0.0",
        "external-editor": "^3.0.3",
        "figures": "^2.0.0",
        "lodash": "^4.17.11",
        "mute-stream": "0.0.7",
        "run-async": "^2.2.0",
        "rxjs": "^6.4.0",
        "string-width": "^2.1.0",
        "strip-ansi": "^5.1.0",
        "through": "^2.3.6"
      }
    },
    "into-stream": {
      "version": "3.1.0",
      "resolved": "https://registry.npm.taobao.org/into-stream/download/into-stream-3.1.0.tgz",
      "integrity": "sha1-lvsKk2wSur1v8XUqF9BWFqvQlMY=",
      "requires": {
        "from2": "^2.1.1",
        "p-is-promise": "^1.1.0"
      }
    },
    "is-fullwidth-code-point": {
      "version": "2.0.0",
      "resolved": "http://registry.npm.taobao.org/is-fullwidth-code-point/download/is-fullwidth-code-point-2.0.0.tgz",
      "integrity": "sha1-o7MKXE8ZkYMWeqq5O+764937ZU8="
    },
    "is-natural-number": {
      "version": "4.0.1",
      "resolved": "https://registry.npm.taobao.org/is-natural-number/download/is-natural-number-4.0.1.tgz",
      "integrity": "sha1-q5124dtM7VHjXeDHLr7PCfc0zeg="
    },
    "is-object": {
      "version": "1.0.1",
      "resolved": "https://registry.npm.taobao.org/is-object/download/is-object-1.0.1.tgz",
      "integrity": "sha1-iVJojF7C/9awPsyF52ngKQMINHA="
    },
    "is-plain-obj": {
      "version": "1.1.0",
      "resolved": "https://registry.npm.taobao.org/is-plain-obj/download/is-plain-obj-1.1.0.tgz",
      "integrity": "sha1-caUMhCnfync8kqOQpKA7OfzVHT4="
    },
    "is-promise": {
      "version": "2.1.0",
      "resolved": "http://registry.npm.taobao.org/is-promise/download/is-promise-2.1.0.tgz",
      "integrity": "sha1-eaKp7OfwlugPNtKy87wWwf9L8/o="
    },
    "is-retry-allowed": {
      "version": "1.1.0",
      "resolved": "https://registry.npm.taobao.org/is-retry-allowed/download/is-retry-allowed-1.1.0.tgz",
      "integrity": "sha1-EaBgVotnM5REAz0BJaYaINVk+zQ="
    },
    "is-stream": {
      "version": "1.1.0",
      "resolved": "https://registry.npm.taobao.org/is-stream/download/is-stream-1.1.0.tgz",
      "integrity": "sha1-EtSj3U5o4Lec6428hBc66A2RykQ="
    },
    "isarray": {
      "version": "1.0.0",
      "resolved": "http://registry.npm.taobao.org/isarray/download/isarray-1.0.0.tgz",
      "integrity": "sha1-u5NdSFgsuhaMBoNJV6VKPgcSTxE="
    },
    "isurl": {
      "version": "1.0.0",
      "resolved": "https://registry.npm.taobao.org/isurl/download/isurl-1.0.0.tgz",
      "integrity": "sha1-sn9PSfPNqj6kSgpbfzRi5u3DnWc=",
      "requires": {
        "has-to-string-tag-x": "^1.2.0",
        "is-object": "^1.0.1"
      }
    },
    "json-buffer": {
      "version": "3.0.0",
      "resolved": "https://registry.npm.taobao.org/json-buffer/download/json-buffer-3.0.0.tgz",
      "integrity": "sha1-Wx85evx11ne96Lz8Dkfh+aPZqJg="
    },
    "keyv": {
      "version": "3.0.0",
      "resolved": "https://registry.npm.taobao.org/keyv/download/keyv-3.0.0.tgz",
      "integrity": "sha1-RJI7o55osSp87H32wyaMAx8u83M=",
      "requires": {
        "json-buffer": "3.0.0"
      }
    },
    "lodash": {
      "version": "4.17.11",
      "resolved": "http://registry.npm.taobao.org/lodash/download/lodash-4.17.11.tgz",
      "integrity": "sha1-s56mIp72B+zYniyN8SU2iRysm40="
    },
    "log-symbols": {
      "version": "2.2.0",
      "resolved": "http://registry.npm.taobao.org/log-symbols/download/log-symbols-2.2.0.tgz",
      "integrity": "sha1-V0Dhxdbw39pK2TI7UzIQfva0xAo=",
      "requires": {
        "chalk": "^2.0.1"
      }
    },
    "lowercase-keys": {
      "version": "1.0.1",
      "resolved": "https://registry.npm.taobao.org/lowercase-keys/download/lowercase-keys-1.0.1.tgz",
      "integrity": "sha1-b54wtHCE2XGnyCD/FabFFnt0wm8="
    },
    "make-dir": {
      "version": "1.3.0",
      "resolved": "http://registry.npm.taobao.org/make-dir/download/make-dir-1.3.0.tgz",
      "integrity": "sha1-ecEDO4BRW9bSTsmTPoYMp17ifww=",
      "requires": {
        "pify": "^3.0.0"
      }
    },
    "mime-db": {
      "version": "1.40.0",
      "resolved": "http://registry.npm.taobao.org/mime-db/download/mime-db-1.40.0.tgz",
      "integrity": "sha1-plBX6ZjbCQ9zKmj2wnbTh9QSbDI="
    },
    "mimic-fn": {
      "version": "1.2.0",
      "resolved": "https://registry.npm.taobao.org/mimic-fn/download/mimic-fn-1.2.0.tgz?cache=0&sync_timestamp=1560442058146&other_urls=https%3A%2F%2Fregistry.npm.taobao.org%2Fmimic-fn%2Fdownload%2Fmimic-fn-1.2.0.tgz",
      "integrity": "sha1-ggyGo5M0ZA6ZUWkovQP8qIBX0CI="
    },
    "mimic-response": {
      "version": "1.0.1",
      "resolved": "https://registry.npm.taobao.org/mimic-response/download/mimic-response-1.0.1.tgz",
      "integrity": "sha1-SSNTiHju9CBjy4o+OweYeBSHqxs="
    },
    "minimatch": {
      "version": "3.0.4",
      "resolved": "http://registry.npm.taobao.org/minimatch/download/minimatch-3.0.4.tgz",
      "integrity": "sha1-UWbihkV/AzBgZL5Ul+jbsMPTIIM=",
      "requires": {
        "brace-expansion": "^1.1.7"
      }
    },
    "mute-stream": {
      "version": "0.0.7",
      "resolved": "http://registry.npm.taobao.org/mute-stream/download/mute-stream-0.0.7.tgz",
      "integrity": "sha1-MHXOk7whuPq0PhvE2n6BFe0ee6s="
    },
    "normalize-url": {
      "version": "2.0.1",
      "resolved": "https://registry.npm.taobao.org/normalize-url/download/normalize-url-2.0.1.tgz?cache=0&other_urls=https%3A%2F%2Fregistry.npm.taobao.org%2Fnormalize-url%2Fdownload%2Fnormalize-url-2.0.1.tgz",
      "integrity": "sha1-g1qdoVUfom9w6SMpBpojqmV01+Y=",
      "requires": {
        "prepend-http": "^2.0.0",
        "query-string": "^5.0.1",
        "sort-keys": "^2.0.0"
      },
      "dependencies": {
        "sort-keys": {
          "version": "2.0.0",
          "resolved": "https://registry.npm.taobao.org/sort-keys/download/sort-keys-2.0.0.tgz",
          "integrity": "sha1-ZYU1WEhh7JfXMNbPQYIuH1ZoQSg=",
          "requires": {
            "is-plain-obj": "^1.0.0"
          }
        }
      }
    },
    "npm-conf": {
      "version": "1.1.3",
      "resolved": "https://registry.npm.taobao.org/npm-conf/download/npm-conf-1.1.3.tgz",
      "integrity": "sha1-JWzEe9DiGMJZxOlVC/QTvCGSr/k=",
      "requires": {
        "config-chain": "^1.1.11",
        "pify": "^3.0.0"
      }
    },
    "object-assign": {
      "version": "4.1.1",
      "resolved": "http://registry.npm.taobao.org/object-assign/download/object-assign-4.1.1.tgz",
      "integrity": "sha1-IQmtx5ZYh8/AXLvUQsrIv7s2CGM="
    },
    "once": {
      "version": "1.4.0",
      "resolved": "http://registry.npm.taobao.org/once/download/once-1.4.0.tgz",
      "integrity": "sha1-WDsap3WWHUsROsF9nFC6753Xa9E=",
      "requires": {
        "wrappy": "1"
      }
    },
    "onetime": {
      "version": "2.0.1",
      "resolved": "http://registry.npm.taobao.org/onetime/download/onetime-2.0.1.tgz",
      "integrity": "sha1-BnQoIw/WdEOyeUsiu6UotoZ5YtQ=",
      "requires": {
        "mimic-fn": "^1.0.0"
      }
    },
    "ora": {
      "version": "3.4.0",
      "resolved": "https://registry.npm.taobao.org/ora/download/ora-3.4.0.tgz",
      "integrity": "sha1-vwdSSRBZo+8+1MhQl1Md6f280xg=",
      "requires": {
        "chalk": "^2.4.2",
        "cli-cursor": "^2.1.0",
        "cli-spinners": "^2.0.0",
        "log-symbols": "^2.2.0",
        "strip-ansi": "^5.2.0",
        "wcwidth": "^1.0.1"
      }
    },
    "os-tmpdir": {
      "version": "1.0.2",
      "resolved": "http://registry.npm.taobao.org/os-tmpdir/download/os-tmpdir-1.0.2.tgz",
      "integrity": "sha1-u+Z0BseaqFxc/sdm/lc0VV36EnQ="
    },
    "p-cancelable": {
      "version": "0.4.1",
      "resolved": "https://registry.npm.taobao.org/p-cancelable/download/p-cancelable-0.4.1.tgz",
      "integrity": "sha1-NfNj1n1SCByNlYXje8zrfgu8sqA="
    },
    "p-event": {
      "version": "2.3.1",
      "resolved": "https://registry.npm.taobao.org/p-event/download/p-event-2.3.1.tgz",
      "integrity": "sha1-WWJ57xaassPgyuiMHPuwgHmZPvY=",
      "requires": {
        "p-timeout": "^2.0.1"
      }
    },
    "p-finally": {
      "version": "1.0.0",
      "resolved": "https://registry.npm.taobao.org/p-finally/download/p-finally-1.0.0.tgz",
      "integrity": "sha1-P7z7FbiZpEEjs0ttzBi3JDNqLK4="
    },
    "p-is-promise": {
      "version": "1.1.0",
      "resolved": "http://registry.npm.taobao.org/p-is-promise/download/p-is-promise-1.1.0.tgz",
      "integrity": "sha1-nJRWmJ6fZYgBewQ01WCXZ1w9oF4="
    },
    "p-timeout": {
      "version": "2.0.1",
      "resolved": "https://registry.npm.taobao.org/p-timeout/download/p-timeout-2.0.1.tgz?cache=0&other_urls=https%3A%2F%2Fregistry.npm.taobao.org%2Fp-timeout%2Fdownload%2Fp-timeout-2.0.1.tgz",
      "integrity": "sha1-2N0ZeVldLcATnh/ka4tkbLPN8Dg=",
      "requires": {
        "p-finally": "^1.0.0"
      }
    },
    "path-is-absolute": {
      "version": "1.0.1",
      "resolved": "http://registry.npm.taobao.org/path-is-absolute/download/path-is-absolute-1.0.1.tgz",
      "integrity": "sha1-F0uSaHNVNP+8es5r9TpanhtcX18="
    },
    "pend": {
      "version": "1.2.0",
      "resolved": "http://registry.npm.taobao.org/pend/download/pend-1.2.0.tgz",
      "integrity": "sha1-elfrVQpng/kRUzH89GY9XI4AelA="
    },
    "pify": {
      "version": "3.0.0",
      "resolved": "http://registry.npm.taobao.org/pify/download/pify-3.0.0.tgz",
      "integrity": "sha1-5aSs0sEB/fPZpNB/DbxNtJ3SgXY="
    },
    "pinkie": {
      "version": "2.0.4",
      "resolved": "http://registry.npm.taobao.org/pinkie/download/pinkie-2.0.4.tgz",
      "integrity": "sha1-clVrgM+g1IqXToDnckjoDtT3+HA="
    },
    "pinkie-promise": {
      "version": "2.0.1",
      "resolved": "http://registry.npm.taobao.org/pinkie-promise/download/pinkie-promise-2.0.1.tgz",
      "integrity": "sha1-ITXW36ejWMBprJsXh3YogihFD/o=",
      "requires": {
        "pinkie": "^2.0.0"
      }
    },
    "prepend-http": {
      "version": "2.0.0",
      "resolved": "https://registry.npm.taobao.org/prepend-http/download/prepend-http-2.0.0.tgz",
      "integrity": "sha1-6SQ0v6XqjBn0HN/UAddBo8gZ2Jc="
    },
    "process-nextick-args": {
      "version": "2.0.0",
      "resolved": "http://registry.npm.taobao.org/process-nextick-args/download/process-nextick-args-2.0.0.tgz",
      "integrity": "sha1-o31zL0JxtKsa0HDTVQjoKQeI/6o="
    },
    "proto-list": {
      "version": "1.2.4",
      "resolved": "https://registry.npm.taobao.org/proto-list/download/proto-list-1.2.4.tgz",
      "integrity": "sha1-IS1b/hMYMGpCD2QCuOJv85ZHqEk="
    },
    "query-string": {
      "version": "5.1.1",
      "resolved": "https://registry.npm.taobao.org/query-string/download/query-string-5.1.1.tgz?cache=0&other_urls=https%3A%2F%2Fregistry.npm.taobao.org%2Fquery-string%2Fdownload%2Fquery-string-5.1.1.tgz",
      "integrity": "sha1-p4wBK3HBfgXy4/ojGd0zBoLvs8s=",
      "requires": {
        "decode-uri-component": "^0.2.0",
        "object-assign": "^4.1.0",
        "strict-uri-encode": "^1.0.0"
      }
    },
    "readable-stream": {
      "version": "2.3.6",
      "resolved": "https://registry.npm.taobao.org/readable-stream/download/readable-stream-2.3.6.tgz?cache=0&other_urls=https%3A%2F%2Fregistry.npm.taobao.org%2Freadable-stream%2Fdownload%2Freadable-stream-2.3.6.tgz",
      "integrity": "sha1-sRwn2IuP8fvgcGQ8+UsMea4bCq8=",
      "requires": {
        "core-util-is": "~1.0.0",
        "inherits": "~2.0.3",
        "isarray": "~1.0.0",
        "process-nextick-args": "~2.0.0",
        "safe-buffer": "~5.1.1",
        "string_decoder": "~1.1.1",
        "util-deprecate": "~1.0.1"
      }
    },
    "responselike": {
      "version": "1.0.2",
      "resolved": "https://registry.npm.taobao.org/responselike/download/responselike-1.0.2.tgz",
      "integrity": "sha1-kYcg7ztjHFZCvgaPFa3lpG9Loec=",
      "requires": {
        "lowercase-keys": "^1.0.0"
      }
    },
    "restore-cursor": {
      "version": "2.0.0",
      "resolved": "https://registry.npm.taobao.org/restore-cursor/download/restore-cursor-2.0.0.tgz",
      "integrity": "sha1-n37ih/gv0ybU/RYpI9YhKe7g368=",
      "requires": {
        "onetime": "^2.0.0",
        "signal-exit": "^3.0.2"
      }
    },
    "rimraf": {
      "version": "2.6.3",
      "resolved": "http://registry.npm.taobao.org/rimraf/download/rimraf-2.6.3.tgz",
      "integrity": "sha1-stEE/g2Psnz54KHNqCYt04M8bKs=",
      "requires": {
        "glob": "^7.1.3"
      }
    },
    "run-async": {
      "version": "2.3.0",
      "resolved": "http://registry.npm.taobao.org/run-async/download/run-async-2.3.0.tgz",
      "integrity": "sha1-A3GrSuC91yDUFm19/aZP96RFpsA=",
      "requires": {
        "is-promise": "^2.1.0"
      }
    },
    "rxjs": {
      "version": "6.5.2",
      "resolved": "https://registry.npm.taobao.org/rxjs/download/rxjs-6.5.2.tgz",
      "integrity": "sha1-LjXOgVzUbYTQKiCftOWSHgUdvsc=",
      "requires": {
        "tslib": "^1.9.0"
      }
    },
    "safe-buffer": {
      "version": "5.1.2",
      "resolved": "http://registry.npm.taobao.org/safe-buffer/download/safe-buffer-5.1.2.tgz",
      "integrity": "sha1-mR7GnSluAxN0fVm9/St0XDX4go0="
    },
    "safer-buffer": {
      "version": "2.1.2",
      "resolved": "http://registry.npm.taobao.org/safer-buffer/download/safer-buffer-2.1.2.tgz",
      "integrity": "sha1-RPoWGwGHuVSd2Eu5GAL5vYOFzWo="
    },
    "seek-bzip": {
      "version": "1.0.5",
      "resolved": "https://registry.npm.taobao.org/seek-bzip/download/seek-bzip-1.0.5.tgz",
      "integrity": "sha1-z+kXyz0nS8/6x5J1ivUxc+sfq9w=",
      "requires": {
        "commander": "~2.8.1"
      },
      "dependencies": {
        "commander": {
          "version": "2.8.1",
          "resolved": "http://registry.npm.taobao.org/commander/download/commander-2.8.1.tgz",
          "integrity": "sha1-Br42f+v9oMMwqh4qBy09yXYkJdQ=",
          "requires": {
            "graceful-readlink": ">= 1.0.0"
          }
        }
      }
    },
    "signal-exit": {
      "version": "3.0.2",
      "resolved": "http://registry.npm.taobao.org/signal-exit/download/signal-exit-3.0.2.tgz",
      "integrity": "sha1-tf3AjxKH6hF4Yo5BXiUTK3NkbG0="
    },
    "sort-keys": {
      "version": "1.1.2",
      "resolved": "https://registry.npm.taobao.org/sort-keys/download/sort-keys-1.1.2.tgz",
      "integrity": "sha1-RBttTTRnmPG05J6JIK37oOVD+a0=",
      "requires": {
        "is-plain-obj": "^1.0.0"
      }
    },
    "sort-keys-length": {
      "version": "1.0.1",
      "resolved": "https://registry.npm.taobao.org/sort-keys-length/download/sort-keys-length-1.0.1.tgz",
      "integrity": "sha1-nLb09OnkgVWmqgZx7dM2/xR5oYg=",
      "requires": {
        "sort-keys": "^1.0.0"
      }
    },
    "strict-uri-encode": {
      "version": "1.1.0",
      "resolved": "https://registry.npm.taobao.org/strict-uri-encode/download/strict-uri-encode-1.1.0.tgz",
      "integrity": "sha1-J5siXfHVgrH1TmWt3UNS4Y+qBxM="
    },
    "string-width": {
      "version": "2.1.1",
      "resolved": "http://registry.npm.taobao.org/string-width/download/string-width-2.1.1.tgz",
      "integrity": "sha1-q5Pyeo3BPSjKyBXEYhQ6bZASrp4=",
      "requires": {
        "is-fullwidth-code-point": "^2.0.0",
        "strip-ansi": "^4.0.0"
      },
      "dependencies": {
        "strip-ansi": {
          "version": "4.0.0",
          "resolved": "http://registry.npm.taobao.org/strip-ansi/download/strip-ansi-4.0.0.tgz",
          "integrity": "sha1-qEeQIusaw2iocTibY1JixQXuNo8=",
          "requires": {
            "ansi-regex": "^3.0.0"
          }
        }
      }
    },
    "string_decoder": {
      "version": "1.1.1",
      "resolved": "http://registry.npm.taobao.org/string_decoder/download/string_decoder-1.1.1.tgz",
      "integrity": "sha1-nPFhG6YmhdcDCunkujQUnDrwP8g=",
      "requires": {
        "safe-buffer": "~5.1.0"
      }
    },
    "strip-ansi": {
      "version": "5.2.0",
      "resolved": "http://registry.npm.taobao.org/strip-ansi/download/strip-ansi-5.2.0.tgz",
      "integrity": "sha1-jJpTb+tq/JYr36WxBKUJHBrZwK4=",
      "requires": {
        "ansi-regex": "^4.1.0"
      },
      "dependencies": {
        "ansi-regex": {
          "version": "4.1.0",
          "resolved": "http://registry.npm.taobao.org/ansi-regex/download/ansi-regex-4.1.0.tgz",
          "integrity": "sha1-i5+PCM8ay4Q3Vqg5yox+MWjFGZc="
        }
      }
    },
    "strip-dirs": {
      "version": "2.1.0",
      "resolved": "https://registry.npm.taobao.org/strip-dirs/download/strip-dirs-2.1.0.tgz",
      "integrity": "sha1-SYdzYmT8NEzyD2w0rKnRPR1O1sU=",
      "requires": {
        "is-natural-number": "^4.0.1"
      }
    },
    "strip-outer": {
      "version": "1.0.1",
      "resolved": "https://registry.npm.taobao.org/strip-outer/download/strip-outer-1.0.1.tgz",
      "integrity": "sha1-sv0qv2YEudHmATBXGV34Nrip1jE=",
      "requires": {
        "escape-string-regexp": "^1.0.2"
      }
    },
    "supports-color": {
      "version": "5.5.0",
      "resolved": "http://registry.npm.taobao.org/supports-color/download/supports-color-5.5.0.tgz",
      "integrity": "sha1-4uaaRKyHcveKHsCzW2id9lMO/I8=",
      "requires": {
        "has-flag": "^3.0.0"
      }
    },
    "tar-stream": {
      "version": "1.6.2",
      "resolved": "https://registry.npm.taobao.org/tar-stream/download/tar-stream-1.6.2.tgz",
      "integrity": "sha1-jqVdqzeXIlPZqa+Q/c1VmuQ1xVU=",
      "requires": {
        "bl": "^1.0.0",
        "buffer-alloc": "^1.2.0",
        "end-of-stream": "^1.0.0",
        "fs-constants": "^1.0.0",
        "readable-stream": "^2.3.0",
        "to-buffer": "^1.1.1",
        "xtend": "^4.0.0"
      }
    },
    "through": {
      "version": "2.3.8",
      "resolved": "http://registry.npm.taobao.org/through/download/through-2.3.8.tgz",
      "integrity": "sha1-DdTJ/6q8NXlgsbckEV1+Doai4fU="
    },
    "timed-out": {
      "version": "4.0.1",
      "resolved": "https://registry.npm.taobao.org/timed-out/download/timed-out-4.0.1.tgz",
      "integrity": "sha1-8y6srFoXW+ol1/q1Zas+2HQe9W8="
    },
    "tmp": {
      "version": "0.0.33",
      "resolved": "http://registry.npm.taobao.org/tmp/download/tmp-0.0.33.tgz",
      "integrity": "sha1-bTQzWIl2jSGyvNoKonfO07G/rfk=",
      "requires": {
        "os-tmpdir": "~1.0.2"
      }
    },
    "to-buffer": {
      "version": "1.1.1",
      "resolved": "http://registry.npm.taobao.org/to-buffer/download/to-buffer-1.1.1.tgz",
      "integrity": "sha1-STvUj2LXxD/N7TE6A9ytsuEhOoA="
    },
    "trim-repeated": {
      "version": "1.0.0",
      "resolved": "https://registry.npm.taobao.org/trim-repeated/download/trim-repeated-1.0.0.tgz",
      "integrity": "sha1-42RqLqTokTEr9+rObPsFOAvAHCE=",
      "requires": {
        "escape-string-regexp": "^1.0.2"
      }
    },
    "tslib": {
      "version": "1.10.0",
      "resolved": "https://registry.npm.taobao.org/tslib/download/tslib-1.10.0.tgz",
      "integrity": "sha1-w8GflZc/sKYpc/sJ2Q2WHuQ+XIo="
    },
    "tunnel-agent": {
      "version": "0.6.0",
      "resolved": "http://registry.npm.taobao.org/tunnel-agent/download/tunnel-agent-0.6.0.tgz",
      "integrity": "sha1-J6XeoGs2sEoKmWZ3SykIaPD8QP0=",
      "requires": {
        "safe-buffer": "^5.0.1"
      }
    },
    "unbzip2-stream": {
      "version": "1.3.3",
      "resolved": "https://registry.npm.taobao.org/unbzip2-stream/download/unbzip2-stream-1.3.3.tgz",
      "integrity": "sha1-0VbSBeZw2NjDk+HALr1QZCKHP2o=",
      "requires": {
        "buffer": "^5.2.1",
        "through": "^2.3.8"
      }
    },
    "url-parse-lax": {
      "version": "3.0.0",
      "resolved": "https://registry.npm.taobao.org/url-parse-lax/download/url-parse-lax-3.0.0.tgz",
      "integrity": "sha1-FrXK/Afb42dsGxmZF3gj1lA6yww=",
      "requires": {
        "prepend-http": "^2.0.0"
      }
    },
    "url-to-options": {
      "version": "1.0.1",
      "resolved": "https://registry.npm.taobao.org/url-to-options/download/url-to-options-1.0.1.tgz",
      "integrity": "sha1-FQWgOiiaSMvXpDTvuu7FBV9WM6k="
    },
    "util-deprecate": {
      "version": "1.0.2",
      "resolved": "http://registry.npm.taobao.org/util-deprecate/download/util-deprecate-1.0.2.tgz",
      "integrity": "sha1-RQ1Nyfpw3nMnYvvS1KKJgUGaDM8="
    },
    "wcwidth": {
      "version": "1.0.1",
      "resolved": "https://registry.npm.taobao.org/wcwidth/download/wcwidth-1.0.1.tgz",
      "integrity": "sha1-8LDc+RW8X/FSivrbLA4XtTLaL+g=",
      "requires": {
        "defaults": "^1.0.3"
      }
    },
    "wrappy": {
      "version": "1.0.2",
      "resolved": "http://registry.npm.taobao.org/wrappy/download/wrappy-1.0.2.tgz",
      "integrity": "sha1-tSQ9jz7BqjXxNkYFvA0QNuMKtp8="
    },
    "xtend": {
      "version": "4.0.1",
      "resolved": "http://registry.npm.taobao.org/xtend/download/xtend-4.0.1.tgz",
      "integrity": "sha1-pcbVMr5lbiPbgg77lDofBJmNY68="
    },
    "yauzl": {
      "version": "2.10.0",
      "resolved": "http://registry.npm.taobao.org/yauzl/download/yauzl-2.10.0.tgz",
      "integrity": "sha1-x+sXyT4RLLEIb6bY5R+wZnt5pfk=",
      "requires": {
        "buffer-crc32": "~0.2.3",
        "fd-slicer": "~1.1.0"
      }
    }
  }
}
